PODS:
  - Alamofire (5.8.1)
  - HandyJSON (5.0.2)

DEPENDENCIES:
  - Alamofire
  - HandyJSON

SPEC REPOS:
  trunk:
    - Alamofire
    - HandyJSON

SPEC CHECKSUMS:
  Alamofire: 3ca42e259043ee0dc5c0cdd76c4bc568b8e42af7
  HandyJSON: 9e4e236f5d2dbefad5155a77417bbea438201c03

PODFILE CHECKSUM: 89253ac4a7aacb3c479f9522f6162946c2ca60f4

COCOAPODS: 1.14.3
