// !$*UTF8*$!
{
	archiveVersion = 1;
	classes = {
	};
	objectVersion = 56;
	objects = {

/* Begin PBXAggregateTarget section */
		0291FD622B8DEDA300023CD7 /* AggregatedFramework */ = {
			isa = PBXAggregateTarget;
			buildConfigurationList = 0291FD632B8DEDA300023CD7 /* Build configuration list for PBXAggregateTarget "AggregatedFramework" */;
			buildPhases = (
				0291FD682B8DEDB400023CD7 /* ShellScript */,
			);
			dependencies = (
				0291FD672B8DEDAB00023CD7 /* PBXTargetDependency */,
			);
			name = AggregatedFramework;
			productName = AggregatedFramework;
		};
/* End PBXAggregateTarget section */

/* Begin PBXBuildFile section */
		0291FD5A2B8DED2600023CD7 /* YZSDK.h in Headers */ = {isa = PBXBuildFile; fileRef = 0291FD592B8DED2600023CD7 /* YZSDK.h */; settings = {ATTRIBUTES = (Public, ); }; };
		0291FD612B8DED3C00023CD7 /* TestTools.swift in Sources */ = {isa = PBXBuildFile; fileRef = 0291FD602B8DED3C00023CD7 /* TestTools.swift */; };
		0291FD7B2B8F089300023CD7 /* BaseResponse.swift in Sources */ = {isa = PBXBuildFile; fileRef = 0291FD772B8F089300023CD7 /* BaseResponse.swift */; };
		0291FD7C2B8F089300023CD7 /* String+Extension.swift in Sources */ = {isa = PBXBuildFile; fileRef = 0291FD782B8F089300023CD7 /* String+Extension.swift */; };
		0291FD7D2B8F089300023CD7 /* NetworkRequest.swift in Sources */ = {isa = PBXBuildFile; fileRef = 0291FD792B8F089300023CD7 /* NetworkRequest.swift */; };
		0291FD7E2B8F089300023CD7 /* ApiPath.swift in Sources */ = {isa = PBXBuildFile; fileRef = 0291FD7A2B8F089300023CD7 /* ApiPath.swift */; };
		0291FD8C2B8F20C600023CD7 /* ModelProtocol.swift in Sources */ = {isa = PBXBuildFile; fileRef = 0291FD8B2B8F20C600023CD7 /* ModelProtocol.swift */; };
		34471C43857B7518CDE14F29 /* Pods_YZSDK.framework in Frameworks */ = {isa = PBXBuildFile; fileRef = 826A6EA3224561604EAD8F0B /* Pods_YZSDK.framework */; };
/* End PBXBuildFile section */

/* Begin PBXContainerItemProxy section */
		0291FD662B8DEDAB00023CD7 /* PBXContainerItemProxy */ = {
			isa = PBXContainerItemProxy;
			containerPortal = 0291FD4D2B8DED2600023CD7 /* Project object */;
			proxyType = 1;
			remoteGlobalIDString = 0291FD552B8DED2600023CD7;
			remoteInfo = YZSDK;
		};
/* End PBXContainerItemProxy section */

/* Begin PBXFileReference section */
		0291FD562B8DED2600023CD7 /* YZSDK.framework */ = {isa = PBXFileReference; explicitFileType = wrapper.framework; includeInIndex = 0; path = YZSDK.framework; sourceTree = BUILT_PRODUCTS_DIR; };
		0291FD592B8DED2600023CD7 /* YZSDK.h */ = {isa = PBXFileReference; lastKnownFileType = sourcecode.c.h; path = YZSDK.h; sourceTree = "<group>"; };
		0291FD602B8DED3C00023CD7 /* TestTools.swift */ = {isa = PBXFileReference; lastKnownFileType = sourcecode.swift; path = TestTools.swift; sourceTree = "<group>"; };
		0291FD772B8F089300023CD7 /* BaseResponse.swift */ = {isa = PBXFileReference; fileEncoding = 4; lastKnownFileType = sourcecode.swift; path = BaseResponse.swift; sourceTree = "<group>"; };
		0291FD782B8F089300023CD7 /* String+Extension.swift */ = {isa = PBXFileReference; fileEncoding = 4; lastKnownFileType = sourcecode.swift; path = "String+Extension.swift"; sourceTree = "<group>"; };
		0291FD792B8F089300023CD7 /* NetworkRequest.swift */ = {isa = PBXFileReference; fileEncoding = 4; lastKnownFileType = sourcecode.swift; path = NetworkRequest.swift; sourceTree = "<group>"; };
		0291FD7A2B8F089300023CD7 /* ApiPath.swift */ = {isa = PBXFileReference; fileEncoding = 4; lastKnownFileType = sourcecode.swift; path = ApiPath.swift; sourceTree = "<group>"; };
		0291FD8B2B8F20C600023CD7 /* ModelProtocol.swift */ = {isa = PBXFileReference; lastKnownFileType = sourcecode.swift; path = ModelProtocol.swift; sourceTree = "<group>"; };
		1A11988FA6376C55EAACDF3C /* Pods-YZSDK.release.xcconfig */ = {isa = PBXFileReference; includeInIndex = 1; lastKnownFileType = text.xcconfig; name = "Pods-YZSDK.release.xcconfig"; path = "Target Support Files/Pods-YZSDK/Pods-YZSDK.release.xcconfig"; sourceTree = "<group>"; };
		826A6EA3224561604EAD8F0B /* Pods_YZSDK.framework */ = {isa = PBXFileReference; explicitFileType = wrapper.framework; includeInIndex = 0; path = Pods_YZSDK.framework; sourceTree = BUILT_PRODUCTS_DIR; };
		F155ABEC1BDD7721E1D00AC3 /* Pods-YZSDK.debug.xcconfig */ = {isa = PBXFileReference; includeInIndex = 1; lastKnownFileType = text.xcconfig; name = "Pods-YZSDK.debug.xcconfig"; path = "Target Support Files/Pods-YZSDK/Pods-YZSDK.debug.xcconfig"; sourceTree = "<group>"; };
/* End PBXFileReference section */

/* Begin PBXFrameworksBuildPhase section */
		0291FD532B8DED2600023CD7 /* Frameworks */ = {
			isa = PBXFrameworksBuildPhase;
			buildActionMask = 2147483647;
			files = (
				34471C43857B7518CDE14F29 /* Pods_YZSDK.framework in Frameworks */,
			);
			runOnlyForDeploymentPostprocessing = 0;
		};
/* End PBXFrameworksBuildPhase section */

/* Begin PBXGroup section */
		0291FD4C2B8DED2600023CD7 = {
			isa = PBXGroup;
			children = (
				0291FD582B8DED2600023CD7 /* YZSDK */,
				0291FD572B8DED2600023CD7 /* Products */,
				140E49D65EEF11CAECB32771 /* Pods */,
				603B93E88D5AFF6F9EE32947 /* Frameworks */,
			);
			sourceTree = "<group>";
		};
		0291FD572B8DED2600023CD7 /* Products */ = {
			isa = PBXGroup;
			children = (
				0291FD562B8DED2600023CD7 /* YZSDK.framework */,
			);
			name = Products;
			sourceTree = "<group>";
		};
		0291FD582B8DED2600023CD7 /* YZSDK */ = {
			isa = PBXGroup;
			children = (
				0291FD762B8F089300023CD7 /* Alamofire */,
				0291FD592B8DED2600023CD7 /* YZSDK.h */,
				0291FD602B8DED3C00023CD7 /* TestTools.swift */,
			);
			path = YZSDK;
			sourceTree = "<group>";
		};
		0291FD762B8F089300023CD7 /* Alamofire */ = {
			isa = PBXGroup;
			children = (
				0291FD772B8F089300023CD7 /* BaseResponse.swift */,
				0291FD782B8F089300023CD7 /* String+Extension.swift */,
				0291FD792B8F089300023CD7 /* NetworkRequest.swift */,
				0291FD7A2B8F089300023CD7 /* ApiPath.swift */,
				0291FD8B2B8F20C600023CD7 /* ModelProtocol.swift */,
			);
			path = Alamofire;
			sourceTree = "<group>";
		};
		140E49D65EEF11CAECB32771 /* Pods */ = {
			isa = PBXGroup;
			children = (
				F155ABEC1BDD7721E1D00AC3 /* Pods-YZSDK.debug.xcconfig */,
				1A11988FA6376C55EAACDF3C /* Pods-YZSDK.release.xcconfig */,
			);
			path = Pods;
			sourceTree = "<group>";
		};
		603B93E88D5AFF6F9EE32947 /* Frameworks */ = {
			isa = PBXGroup;
			children = (
				826A6EA3224561604EAD8F0B /* Pods_YZSDK.framework */,
			);
			name = Frameworks;
			sourceTree = "<group>";
		};
/* End PBXGroup section */

/* Begin PBXHeadersBuildPhase section */
		0291FD512B8DED2600023CD7 /* Headers */ = {
			isa = PBXHeadersBuildPhase;
			buildActionMask = 2147483647;
			files = (
				0291FD5A2B8DED2600023CD7 /* YZSDK.h in Headers */,
			);
			runOnlyForDeploymentPostprocessing = 0;
		};
/* End PBXHeadersBuildPhase section */

/* Begin PBXNativeTarget section */
		0291FD552B8DED2600023CD7 /* YZSDK */ = {
			isa = PBXNativeTarget;
			buildConfigurationList = 0291FD5D2B8DED2600023CD7 /* Build configuration list for PBXNativeTarget "YZSDK" */;
			buildPhases = (
				41BCDEA2EB799AE7656215F2 /* [CP] Check Pods Manifest.lock */,
				0291FD512B8DED2600023CD7 /* Headers */,
				0291FD522B8DED2600023CD7 /* Sources */,
				0291FD532B8DED2600023CD7 /* Frameworks */,
				0291FD542B8DED2600023CD7 /* Resources */,
			);
			buildRules = (
			);
			dependencies = (
			);
			name = YZSDK;
			productName = YZSDK;
			productReference = 0291FD562B8DED2600023CD7 /* YZSDK.framework */;
			productType = "com.apple.product-type.framework";
		};
/* End PBXNativeTarget section */

/* Begin PBXProject section */
		0291FD4D2B8DED2600023CD7 /* Project object */ = {
			isa = PBXProject;
			attributes = {
				BuildIndependentTargetsInParallel = 1;
				LastUpgradeCheck = 1520;
				TargetAttributes = {
					0291FD552B8DED2600023CD7 = {
						CreatedOnToolsVersion = 15.2;
						LastSwiftMigration = 1520;
					};
					0291FD622B8DEDA300023CD7 = {
						CreatedOnToolsVersion = 15.2;
					};
				};
			};
			buildConfigurationList = 0291FD502B8DED2600023CD7 /* Build configuration list for PBXProject "YZSDK" */;
			compatibilityVersion = "Xcode 14.0";
			developmentRegion = en;
			hasScannedForEncodings = 0;
			knownRegions = (
				en,
				Base,
			);
			mainGroup = 0291FD4C2B8DED2600023CD7;
			productRefGroup = 0291FD572B8DED2600023CD7 /* Products */;
			projectDirPath = "";
			projectRoot = "";
			targets = (
				0291FD552B8DED2600023CD7 /* YZSDK */,
				0291FD622B8DEDA300023CD7 /* AggregatedFramework */,
			);
		};
/* End PBXProject section */

/* Begin PBXResourcesBuildPhase section */
		0291FD542B8DED2600023CD7 /* Resources */ = {
			isa = PBXResourcesBuildPhase;
			buildActionMask = 2147483647;
			files = (
			);
			runOnlyForDeploymentPostprocessing = 0;
		};
/* End PBXResourcesBuildPhase section */

/* Begin PBXShellScriptBuildPhase section */
		0291FD682B8DEDB400023CD7 /* ShellScript */ = {
			isa = PBXShellScriptBuildPhase;
			buildActionMask = 2147483647;
			files = (
			);
			inputFileListPaths = (
			);
			inputPaths = (
			);
			outputFileListPaths = (
			);
			outputPaths = (
			);
			runOnlyForDeploymentPostprocessing = 0;
			shellPath = /bin/sh;
			shellScript = "# Type a script or drag a script file from your workspace to insert its path.\nSCHEME_NAME=\"YZSDK\"\nFRAMEWORK_NAME=\"YZSDK\"\nSIMULATOR_ARCHIVE_PATH=\"${BUILD_DIR}/${CONFIGURATION}/${FRAMEWORK_NAME}-iphonesimulator.xcarchive\"\nDEVICE_ARCHIVE_PATH=\"${BUILD_DIR}/${CONFIGURATION}/${FRAMEWORK_NAME}-iphoneos.xcarchive\"\nOUTPUT_DIC=\"./xcframework/\"\n\n# Simulator xcarchieve\nxcodebuild archive \\\n  -scheme ${SCHEME_NAME} \\\n  -archivePath ${SIMULATOR_ARCHIVE_PATH} \\\n  -sdk iphonesimulator \\\n  SKIP_INSTALL=NO \\\n  BUILD_LIBRARIES_FOR_DISTRIBUTION=YES\n# Device xcarchieve\nxcodebuild archive \\\n  -scheme ${SCHEME_NAME} \\\n  -archivePath ${DEVICE_ARCHIVE_PATH} \\\n  -sdk iphoneos \\\n  SKIP_INSTALL=NO \\\n  BUILD_LIBRARIES_FOR_DISTRIBUTION=YES\n# Clean up old output directory\n rm -rf \"${OUTPUT_DIC}\"\n# Create xcframwork combine of all frameworks\nxcodebuild -create-xcframework \\\n  -framework ${SIMULATOR_ARCHIVE_PATH}/Products/Library/Frameworks/${FRAMEWORK_NAME}.framework \\\n  -framework ${DEVICE_ARCHIVE_PATH}/Products/Library/Frameworks/${FRAMEWORK_NAME}.framework \\\n  -output ${OUTPUT_DIC}/${FRAMEWORK_NAME}.xcframework\n";
		};
		41BCDEA2EB799AE7656215F2 /* [CP] Check Pods Manifest.lock */ = {
			isa = PBXShellScriptBuildPhase;
			buildActionMask = 2147483647;
			files = (
			);
			inputFileListPaths = (
			);
			inputPaths = (
				"${PODS_PODFILE_DIR_PATH}/Podfile.lock",
				"${PODS_ROOT}/Manifest.lock",
			);
			name = "[CP] Check Pods Manifest.lock";
			outputFileListPaths = (
			);
			outputPaths = (
				"$(DERIVED_FILE_DIR)/Pods-YZSDK-checkManifestLockResult.txt",
			);
			runOnlyForDeploymentPostprocessing = 0;
			shellPath = /bin/sh;
			shellScript = "diff \"${PODS_PODFILE_DIR_PATH}/Podfile.lock\" \"${PODS_ROOT}/Manifest.lock\" > /dev/null\nif [ $? != 0 ] ; then\n    # print error to STDERR\n    echo \"error: The sandbox is not in sync with the Podfile.lock. Run 'pod install' or update your CocoaPods installation.\" >&2\n    exit 1\nfi\n# This output is used by Xcode 'outputs' to avoid re-running this script phase.\necho \"SUCCESS\" > \"${SCRIPT_OUTPUT_FILE_0}\"\n";
			showEnvVarsInLog = 0;
		};
/* End PBXShellScriptBuildPhase section */

/* Begin PBXSourcesBuildPhase section */
		0291FD522B8DED2600023CD7 /* Sources */ = {
			isa = PBXSourcesBuildPhase;
			buildActionMask = 2147483647;
			files = (
				0291FD612B8DED3C00023CD7 /* TestTools.swift in Sources */,
				0291FD8C2B8F20C600023CD7 /* ModelProtocol.swift in Sources */,
				0291FD7C2B8F089300023CD7 /* String+Extension.swift in Sources */,
				0291FD7D2B8F089300023CD7 /* NetworkRequest.swift in Sources */,
				0291FD7B2B8F089300023CD7 /* BaseResponse.swift in Sources */,
				0291FD7E2B8F089300023CD7 /* ApiPath.swift in Sources */,
			);
			runOnlyForDeploymentPostprocessing = 0;
		};
/* End PBXSourcesBuildPhase section */

/* Begin PBXTargetDependency section */
		0291FD672B8DEDAB00023CD7 /* PBXTargetDependency */ = {
			isa = PBXTargetDependency;
			target = 0291FD552B8DED2600023CD7 /* YZSDK */;
			targetProxy = 0291FD662B8DEDAB00023CD7 /* PBXContainerItemProxy */;
		};
/* End PBXTargetDependency section */

/* Begin XCBuildConfiguration section */
		0291FD5B2B8DED2600023CD7 /* Debug */ = {
			isa = XCBuildConfiguration;
			buildSettings = {
				ALWAYS_SEARCH_USER_PATHS = NO;
				ASSETCATALOG_COMPILER_GENERATE_SWIFT_ASSET_SYMBOL_EXTENSIONS = YES;
				CLANG_ANALYZER_NONNULL = YES;
				CLANG_ANALYZER_NUMBER_OBJECT_CONVERSION = YES_AGGRESSIVE;
				CLANG_CXX_LANGUAGE_STANDARD = "gnu++20";
				CLANG_ENABLE_MODULES = YES;
				CLANG_ENABLE_OBJC_ARC = YES;
				CLANG_ENABLE_OBJC_WEAK = YES;
				CLANG_WARN_BLOCK_CAPTURE_AUTORELEASING = YES;
				CLANG_WARN_BOOL_CONVERSION = YES;
				CLANG_WARN_COMMA = YES;
				CLANG_WARN_CONSTANT_CONVERSION = YES;
				CLANG_WARN_DEPRECATED_OBJC_IMPLEMENTATIONS = YES;
				CLANG_WARN_DIRECT_OBJC_ISA_USAGE = YES_ERROR;
				CLANG_WARN_DOCUMENTATION_COMMENTS = YES;
				CLANG_WARN_EMPTY_BODY = YES;
				CLANG_WARN_ENUM_CONVERSION = YES;
				CLANG_WARN_INFINITE_RECURSION = YES;
				CLANG_WARN_INT_CONVERSION = YES;
				CLANG_WARN_NON_LITERAL_NULL_CONVERSION = YES;
				CLANG_WARN_OBJC_IMPLICIT_RETAIN_SELF = YES;
				CLANG_WARN_OBJC_LITERAL_CONVERSION = YES;
				CLANG_WARN_OBJC_ROOT_CLASS = YES_ERROR;
				CLANG_WARN_QUOTED_INCLUDE_IN_FRAMEWORK_HEADER = YES;
				CLANG_WARN_RANGE_LOOP_ANALYSIS = YES;
				CLANG_WARN_STRICT_PROTOTYPES = YES;
				CLANG_WARN_SUSPICIOUS_MOVE = YES;
				CLANG_WARN_UNGUARDED_AVAILABILITY = YES_AGGRESSIVE;
				CLANG_WARN_UNREACHABLE_CODE = YES;
				CLANG_WARN__DUPLICATE_METHOD_MATCH = YES;
				COPY_PHASE_STRIP = NO;
				CURRENT_PROJECT_VERSION = 1;
				DEBUG_INFORMATION_FORMAT = dwarf;
				ENABLE_STRICT_OBJC_MSGSEND = YES;
				ENABLE_TESTABILITY = YES;
				ENABLE_USER_SCRIPT_SANDBOXING = YES;
				GCC_C_LANGUAGE_STANDARD = gnu17;
				GCC_DYNAMIC_NO_PIC = NO;
				GCC_NO_COMMON_BLOCKS = YES;
				GCC_OPTIMIZATION_LEVEL = 0;
				GCC_PREPROCESSOR_DEFINITIONS = (
					"DEBUG=1",
					"$(inherited)",
				);
				GCC_WARN_64_TO_32_BIT_CONVERSION = YES;
				GCC_WARN_ABOUT_RETURN_TYPE = YES_ERROR;
				GCC_WARN_UNDECLARED_SELECTOR = YES;
				GCC_WARN_UNINITIALIZED_AUTOS = YES_AGGRESSIVE;
				GCC_WARN_UNUSED_FUNCTION = YES;
				GCC_WARN_UNUSED_VARIABLE = YES;
				IPHONEOS_DEPLOYMENT_TARGET = 14.0;
				LOCALIZATION_PREFERS_STRING_CATALOGS = YES;
				MTL_ENABLE_DEBUG_INFO = INCLUDE_SOURCE;
				MTL_FAST_MATH = YES;
				ONLY_ACTIVE_ARCH = YES;
				SDKROOT = iphoneos;
				SWIFT_ACTIVE_COMPILATION_CONDITIONS = "DEBUG $(inherited)";
				SWIFT_OPTIMIZATION_LEVEL = "-Onone";
				VERSIONING_SYSTEM = "apple-generic";
				VERSION_INFO_PREFIX = "";
			};
			name = Debug;
		};
		0291FD5C2B8DED2600023CD7 /* Release */ = {
			isa = XCBuildConfiguration;
			buildSettings = {
				ALWAYS_SEARCH_USER_PATHS = NO;
				ASSETCATALOG_COMPILER_GENERATE_SWIFT_ASSET_SYMBOL_EXTENSIONS = YES;
				CLANG_ANALYZER_NONNULL = YES;
				CLANG_ANALYZER_NUMBER_OBJECT_CONVERSION = YES_AGGRESSIVE;
				CLANG_CXX_LANGUAGE_STANDARD = "gnu++20";
				CLANG_ENABLE_MODULES = YES;
				CLANG_ENABLE_OBJC_ARC = YES;
				CLANG_ENABLE_OBJC_WEAK = YES;
				CLANG_WARN_BLOCK_CAPTURE_AUTORELEASING = YES;
				CLANG_WARN_BOOL_CONVERSION = YES;
				CLANG_WARN_COMMA = YES;
				CLANG_WARN_CONSTANT_CONVERSION = YES;
				CLANG_WARN_DEPRECATED_OBJC_IMPLEMENTATIONS = YES;
				CLANG_WARN_DIRECT_OBJC_ISA_USAGE = YES_ERROR;
				CLANG_WARN_DOCUMENTATION_COMMENTS = YES;
				CLANG_WARN_EMPTY_BODY = YES;
				CLANG_WARN_ENUM_CONVERSION = YES;
				CLANG_WARN_INFINITE_RECURSION = YES;
				CLANG_WARN_INT_CONVERSION = YES;
				CLANG_WARN_NON_LITERAL_NULL_CONVERSION = YES;
				CLANG_WARN_OBJC_IMPLICIT_RETAIN_SELF = YES;
				CLANG_WARN_OBJC_LITERAL_CONVERSION = YES;
				CLANG_WARN_OBJC_ROOT_CLASS = YES_ERROR;
				CLANG_WARN_QUOTED_INCLUDE_IN_FRAMEWORK_HEADER = YES;
				CLANG_WARN_RANGE_LOOP_ANALYSIS = YES;
				CLANG_WARN_STRICT_PROTOTYPES = YES;
				CLANG_WARN_SUSPICIOUS_MOVE = YES;
				CLANG_WARN_UNGUARDED_AVAILABILITY = YES_AGGRESSIVE;
				CLANG_WARN_UNREACHABLE_CODE = YES;
				CLANG_WARN__DUPLICATE_METHOD_MATCH = YES;
				COPY_PHASE_STRIP = NO;
				CURRENT_PROJECT_VERSION = 1;
				DEBUG_INFORMATION_FORMAT = "dwarf-with-dsym";
				ENABLE_NS_ASSERTIONS = NO;
				ENABLE_STRICT_OBJC_MSGSEND = YES;
				ENABLE_USER_SCRIPT_SANDBOXING = YES;
				GCC_C_LANGUAGE_STANDARD = gnu17;
				GCC_NO_COMMON_BLOCKS = YES;
				GCC_WARN_64_TO_32_BIT_CONVERSION = YES;
				GCC_WARN_ABOUT_RETURN_TYPE = YES_ERROR;
				GCC_WARN_UNDECLARED_SELECTOR = YES;
				GCC_WARN_UNINITIALIZED_AUTOS = YES_AGGRESSIVE;
				GCC_WARN_UNUSED_FUNCTION = YES;
				GCC_WARN_UNUSED_VARIABLE = YES;
				IPHONEOS_DEPLOYMENT_TARGET = 14.0;
				LOCALIZATION_PREFERS_STRING_CATALOGS = YES;
				MTL_ENABLE_DEBUG_INFO = NO;
				MTL_FAST_MATH = YES;
				SDKROOT = iphoneos;
				SWIFT_COMPILATION_MODE = wholemodule;
				VALIDATE_PRODUCT = YES;
				VERSIONING_SYSTEM = "apple-generic";
				VERSION_INFO_PREFIX = "";
			};
			name = Release;
		};
		0291FD5E2B8DED2600023CD7 /* Debug */ = {
			isa = XCBuildConfiguration;
			baseConfigurationReference = F155ABEC1BDD7721E1D00AC3 /* Pods-YZSDK.debug.xcconfig */;
			buildSettings = {
				BUILD_LIBRARY_FOR_DISTRIBUTION = NO;
				CLANG_ENABLE_MODULES = YES;
				CODE_SIGN_STYLE = Automatic;
				CURRENT_PROJECT_VERSION = 1;
				DEAD_CODE_STRIPPING = NO;
				DEFINES_MODULE = YES;
				DYLIB_COMPATIBILITY_VERSION = 1;
				DYLIB_CURRENT_VERSION = 1;
				DYLIB_INSTALL_NAME_BASE = "@rpath";
				ENABLE_MODULE_VERIFIER = YES;
				GENERATE_INFOPLIST_FILE = YES;
				INFOPLIST_KEY_NSHumanReadableCopyright = "";
				INSTALL_PATH = "$(LOCAL_LIBRARY_DIR)/Frameworks";
				LD_RUNPATH_SEARCH_PATHS = (
					"$(inherited)",
					"@executable_path/Frameworks",
					"@loader_path/Frameworks",
				);
				LIBRARY_SEARCH_PATHS = (
					"$(inherited)",
					"$(TOOLCHAIN_DIR)/usr/lib/swift-5.0/$(PLATFORM_NAME)",
					/usr/lib/swift,
				);
				LINK_WITH_STANDARD_LIBRARIES = NO;
				MACH_O_TYPE = staticlib;
				MARKETING_VERSION = 1.0;
				MODULE_VERIFIER_SUPPORTED_LANGUAGES = "objective-c objective-c++";
				MODULE_VERIFIER_SUPPORTED_LANGUAGE_STANDARDS = "gnu17 gnu++20";
				ONLY_ACTIVE_ARCH = NO;
				PRODUCT_BUNDLE_IDENTIFIER = com.lester.demo.YZSDK;
				PRODUCT_NAME = "$(TARGET_NAME:c99extidentifier)";
				SKIP_INSTALL = YES;
				SWIFT_EMIT_LOC_STRINGS = YES;
				SWIFT_OPTIMIZATION_LEVEL = "-Onone";
				SWIFT_VERSION = 5.0;
				TARGETED_DEVICE_FAMILY = "1,2";
			};
			name = Debug;
		};
		0291FD5F2B8DED2600023CD7 /* Release */ = {
			isa = XCBuildConfiguration;
			baseConfigurationReference = 1A11988FA6376C55EAACDF3C /* Pods-YZSDK.release.xcconfig */;
			buildSettings = {
				BUILD_LIBRARY_FOR_DISTRIBUTION = NO;
				CLANG_ENABLE_MODULES = YES;
				CODE_SIGN_STYLE = Automatic;
				CURRENT_PROJECT_VERSION = 1;
				DEAD_CODE_STRIPPING = NO;
				DEFINES_MODULE = YES;
				DYLIB_COMPATIBILITY_VERSION = 1;
				DYLIB_CURRENT_VERSION = 1;
				DYLIB_INSTALL_NAME_BASE = "@rpath";
				ENABLE_MODULE_VERIFIER = YES;
				GENERATE_INFOPLIST_FILE = YES;
				INFOPLIST_KEY_NSHumanReadableCopyright = "";
				INSTALL_PATH = "$(LOCAL_LIBRARY_DIR)/Frameworks";
				LD_RUNPATH_SEARCH_PATHS = (
					"$(inherited)",
					"@executable_path/Frameworks",
					"@loader_path/Frameworks",
				);
				LIBRARY_SEARCH_PATHS = (
					"$(inherited)",
					"$(TOOLCHAIN_DIR)/usr/lib/swift-5.0/$(PLATFORM_NAME)",
					/usr/lib/swift,
				);
				LINK_WITH_STANDARD_LIBRARIES = NO;
				MACH_O_TYPE = staticlib;
				MARKETING_VERSION = 1.0;
				MODULE_VERIFIER_SUPPORTED_LANGUAGES = "objective-c objective-c++";
				MODULE_VERIFIER_SUPPORTED_LANGUAGE_STANDARDS = "gnu17 gnu++20";
				PRODUCT_BUNDLE_IDENTIFIER = com.lester.demo.YZSDK;
				PRODUCT_NAME = "$(TARGET_NAME:c99extidentifier)";
				SKIP_INSTALL = YES;
				SWIFT_EMIT_LOC_STRINGS = YES;
				SWIFT_VERSION = 5.0;
				TARGETED_DEVICE_FAMILY = "1,2";
			};
			name = Release;
		};
		0291FD642B8DEDA300023CD7 /* Debug */ = {
			isa = XCBuildConfiguration;
			buildSettings = {
				BUILD_LIBRARY_FOR_DISTRIBUTION = NO;
				CODE_SIGN_STYLE = Automatic;
				ENABLE_USER_SCRIPT_SANDBOXING = NO;
				PRODUCT_NAME = "$(TARGET_NAME)";
				SKIP_INSTALL = YES;
			};
			name = Debug;
		};
		0291FD652B8DEDA300023CD7 /* Release */ = {
			isa = XCBuildConfiguration;
			buildSettings = {
				BUILD_LIBRARY_FOR_DISTRIBUTION = NO;
				CODE_SIGN_STYLE = Automatic;
				ENABLE_USER_SCRIPT_SANDBOXING = NO;
				PRODUCT_NAME = "$(TARGET_NAME)";
				SKIP_INSTALL = YES;
			};
			name = Release;
		};
/* End XCBuildConfiguration section */

/* Begin XCConfigurationList section */
		0291FD502B8DED2600023CD7 /* Build configuration list for PBXProject "YZSDK" */ = {
			isa = XCConfigurationList;
			buildConfigurations = (
				0291FD5B2B8DED2600023CD7 /* Debug */,
				0291FD5C2B8DED2600023CD7 /* Release */,
			);
			defaultConfigurationIsVisible = 0;
			defaultConfigurationName = Release;
		};
		0291FD5D2B8DED2600023CD7 /* Build configuration list for PBXNativeTarget "YZSDK" */ = {
			isa = XCConfigurationList;
			buildConfigurations = (
				0291FD5E2B8DED2600023CD7 /* Debug */,
				0291FD5F2B8DED2600023CD7 /* Release */,
			);
			defaultConfigurationIsVisible = 0;
			defaultConfigurationName = Release;
		};
		0291FD632B8DEDA300023CD7 /* Build configuration list for PBXAggregateTarget "AggregatedFramework" */ = {
			isa = XCConfigurationList;
			buildConfigurations = (
				0291FD642B8DEDA300023CD7 /* Debug */,
				0291FD652B8DEDA300023CD7 /* Release */,
			);
			defaultConfigurationIsVisible = 0;
			defaultConfigurationName = Release;
		};
/* End XCConfigurationList section */
	};
	rootObject = 0291FD4D2B8DED2600023CD7 /* Project object */;
}
